
Microsoft Visual Studio Solution File, Format Version 12.00
# Visual Studio Version 16
VisualStudioVersion = 16.0.29215.179
MinimumVisualStudioVersion = 10.0.40219.1
Project("{8BC9CEB8-8B4A-11D0-8D11-00A0C91BC942}") = "NumberCard2", "NumberCard2.vcxproj", "{C66684C3-13D4-4776-A6C9-3F25AC4D7FEB}"
EndProject
Global
	GlobalSection(SolutionConfigurationPlatforms) = preSolution
		Debug|x64 = Debug|x64
		Debug|x86 = Debug|x86
		Release|x64 = Release|x64
		Release|x86 = Release|x86
	EndGlobalSection
	GlobalSection(ProjectConfigurationPlatforms) = postSolution
		{C66684C3-13D4-4776-A6C9-3F25AC4D7FEB}.Debug|x64.ActiveCfg = Debug|x64
		{C66684C3-13D4-4776-A6C9-3F25AC4D7FEB}.Debug|x64.Build.0 = Debug|x64
		{C66684C3-13D4-4776-A6C9-3F25AC4D7FEB}.Debug|x86.ActiveCfg = Debug|Win32
		{C66684C3-13D4-4776-A6C9-3F25AC4D7FEB}.Debug|x86.Build.0 = Debug|Win32
		{C66684C3-13D4-4776-A6C9-3F25AC4D7FEB}.Release|x64.ActiveCfg = Release|x64
		{C66684C3-13D4-4776-A6C9-3F25AC4D7FEB}.Release|x64.Build.0 = Release|x64
		{C66684C3-13D4-4776-A6C9-3F25AC4D7FEB}.Release|x86.ActiveCfg = Release|Win32
		{C66684C3-13D4-4776-A6C9-3F25AC4D7FEB}.Release|x86.Build.0 = Release|Win32
	EndGlobalSection
	GlobalSection(SolutionProperties) = preSolution
		HideSolutionNode = FALSE
	EndGlobalSection
	GlobalSection(ExtensibilityGlobals) = postSolution
		SolutionGuid = {9CD82220-631A-483E-9212-95407E9CC9EA}
	EndGlobalSection
EndGlobal
