
Microsoft Visual Studio Solution File, Format Version 12.00
# Visual Studio Version 16
VisualStudioVersion = 16.0.29215.179
MinimumVisualStudioVersion = 10.0.40219.1
Project("{8BC9CEB8-8B4A-11D0-8D11-00A0C91BC942}") = "Date_Calculation2", "Date_Calculation2.vcxproj", "{DAFFA8B8-245F-4DC6-A3BF-2C49723E146C}"
EndProject
Global
	GlobalSection(SolutionConfigurationPlatforms) = preSolution
		Debug|x64 = Debug|x64
		Debug|x86 = Debug|x86
		Release|x64 = Release|x64
		Release|x86 = Release|x86
	EndGlobalSection
	GlobalSection(ProjectConfigurationPlatforms) = postSolution
		{DAFFA8B8-245F-4DC6-A3BF-2C49723E146C}.Debug|x64.ActiveCfg = Debug|x64
		{DAFFA8B8-245F-4DC6-A3BF-2C49723E146C}.Debug|x64.Build.0 = Debug|x64
		{DAFFA8B8-245F-4DC6-A3BF-2C49723E146C}.Debug|x86.ActiveCfg = Debug|Win32
		{DAFFA8B8-245F-4DC6-A3BF-2C49723E146C}.Debug|x86.Build.0 = Debug|Win32
		{DAFFA8B8-245F-4DC6-A3BF-2C49723E146C}.Release|x64.ActiveCfg = Release|x64
		{DAFFA8B8-245F-4DC6-A3BF-2C49723E146C}.Release|x64.Build.0 = Release|x64
		{DAFFA8B8-245F-4DC6-A3BF-2C49723E146C}.Release|x86.ActiveCfg = Release|Win32
		{DAFFA8B8-245F-4DC6-A3BF-2C49723E146C}.Release|x86.Build.0 = Release|Win32
	EndGlobalSection
	GlobalSection(SolutionProperties) = preSolution
		HideSolutionNode = FALSE
	EndGlobalSection
	GlobalSection(ExtensibilityGlobals) = postSolution
		SolutionGuid = {F229F52E-2D85-4A9F-9827-C8F1E8AC67C6}
	EndGlobalSection
EndGlobal
