
Microsoft Visual Studio Solution File, Format Version 12.00
# Visual Studio Version 16
VisualStudioVersion = 16.0.29215.179
MinimumVisualStudioVersion = 10.0.40219.1
Project("{8BC9CEB8-8B4A-11D0-8D11-00A0C91BC942}") = "NumberCard", "NumberCard.vcxproj", "{1795FE66-DE4C-460E-9386-C17ED72D90A7}"
EndProject
Global
	GlobalSection(SolutionConfigurationPlatforms) = preSolution
		Debug|x64 = Debug|x64
		Debug|x86 = Debug|x86
		Release|x64 = Release|x64
		Release|x86 = Release|x86
	EndGlobalSection
	GlobalSection(ProjectConfigurationPlatforms) = postSolution
		{1795FE66-DE4C-460E-9386-C17ED72D90A7}.Debug|x64.ActiveCfg = Debug|x64
		{1795FE66-DE4C-460E-9386-C17ED72D90A7}.Debug|x64.Build.0 = Debug|x64
		{1795FE66-DE4C-460E-9386-C17ED72D90A7}.Debug|x86.ActiveCfg = Debug|Win32
		{1795FE66-DE4C-460E-9386-C17ED72D90A7}.Debug|x86.Build.0 = Debug|Win32
		{1795FE66-DE4C-460E-9386-C17ED72D90A7}.Release|x64.ActiveCfg = Release|x64
		{1795FE66-DE4C-460E-9386-C17ED72D90A7}.Release|x64.Build.0 = Release|x64
		{1795FE66-DE4C-460E-9386-C17ED72D90A7}.Release|x86.ActiveCfg = Release|Win32
		{1795FE66-DE4C-460E-9386-C17ED72D90A7}.Release|x86.Build.0 = Release|Win32
	EndGlobalSection
	GlobalSection(SolutionProperties) = preSolution
		HideSolutionNode = FALSE
	EndGlobalSection
	GlobalSection(ExtensibilityGlobals) = postSolution
		SolutionGuid = {BFF000F6-5285-4E55-8284-602BFA33EC42}
	EndGlobalSection
EndGlobal
