
Microsoft Visual Studio Solution File, Format Version 12.00
# Visual Studio Version 16
VisualStudioVersion = 16.0.29215.179
MinimumVisualStudioVersion = 10.0.40219.1
Project("{8BC9CEB8-8B4A-11D0-8D11-00A0C91BC942}") = "BreakingAndMoving2", "BreakingAndMoving2.vcxproj", "{AB726A85-8C74-4A7E-97F3-57F4DECF620E}"
EndProject
Global
	GlobalSection(SolutionConfigurationPlatforms) = preSolution
		Debug|x64 = Debug|x64
		Debug|x86 = Debug|x86
		Release|x64 = Release|x64
		Release|x86 = Release|x86
	EndGlobalSection
	GlobalSection(ProjectConfigurationPlatforms) = postSolution
		{AB726A85-8C74-4A7E-97F3-57F4DECF620E}.Debug|x64.ActiveCfg = Debug|x64
		{AB726A85-8C74-4A7E-97F3-57F4DECF620E}.Debug|x64.Build.0 = Debug|x64
		{AB726A85-8C74-4A7E-97F3-57F4DECF620E}.Debug|x86.ActiveCfg = Debug|Win32
		{AB726A85-8C74-4A7E-97F3-57F4DECF620E}.Debug|x86.Build.0 = Debug|Win32
		{AB726A85-8C74-4A7E-97F3-57F4DECF620E}.Release|x64.ActiveCfg = Release|x64
		{AB726A85-8C74-4A7E-97F3-57F4DECF620E}.Release|x64.Build.0 = Release|x64
		{AB726A85-8C74-4A7E-97F3-57F4DECF620E}.Release|x86.ActiveCfg = Release|Win32
		{AB726A85-8C74-4A7E-97F3-57F4DECF620E}.Release|x86.Build.0 = Release|Win32
	EndGlobalSection
	GlobalSection(SolutionProperties) = preSolution
		HideSolutionNode = FALSE
	EndGlobalSection
	GlobalSection(ExtensibilityGlobals) = postSolution
		SolutionGuid = {E450D72D-FA18-4292-A499-8C5B01C1B009}
	EndGlobalSection
EndGlobal
